
Microsoft Visual Studio Solution File, Format Version 12.00
# Visual Studio 15
VisualStudioVersion = 15.0.27130.2026
MinimumVisualStudioVersion = 10.0.40219.1
Project("{F2A71F9B-5D33-465A-A702-920D77279786}") = "EventSourcingExample", "EventSourcingExample\EventSourcingExample.fsproj", "{299D95F4-83EB-4D96-96C6-09AC23611FFB}"
EndProject
Global
	GlobalSection(SolutionConfigurationPlatforms) = preSolution
		Debug|Any CPU = Debug|Any CPU
		Release|Any CPU = Release|Any CPU
	EndGlobalSection
	GlobalSection(ProjectConfigurationPlatforms) = postSolution
		{299D95F4-83EB-4D96-96C6-09AC23611FFB}.Debug|Any CPU.ActiveCfg = Debug|Any CPU
		{299D95F4-83EB-4D96-96C6-09AC23611FFB}.Debug|Any CPU.Build.0 = Debug|Any CPU
		{299D95F4-83EB-4D96-96C6-09AC23611FFB}.Release|Any CPU.ActiveCfg = Release|Any CPU
		{299D95F4-83EB-4D96-96C6-09AC23611FFB}.Release|Any CPU.Build.0 = Release|Any CPU
	EndGlobalSection
	GlobalSection(SolutionProperties) = preSolution
		HideSolutionNode = FALSE
	EndGlobalSection
	GlobalSection(ExtensibilityGlobals) = postSolution
		SolutionGuid = {56BF2A1B-632E-43AB-B67C-DA2E76DFDBC1}
	EndGlobalSection
EndGlobal
